{
  "name": "mridang.am",
  "version": "1.0.0",
  "lockfileVersion": 1,
  "requires": true,
  "dependencies": {
    "esbuild": {
      "version": "0.12.9",
      "resolved": "https://registry.npmjs.org/esbuild/-/esbuild-0.12.9.tgz",
      "integrity": "sha512-MWRhAbMOJ9RJygCrt778rz/qNYgA4ZVj6aXnNPxFjs7PmIpb0fuB9Gmg5uWrr6n++XKwwm/RmSz6RR5JL2Ocsw==",
      "dev": true
    },
    "htm": {
      "version": "3.0.4",
      "resolved": "https://registry.npmjs.org/htm/-/htm-3.0.4.tgz",
      "integrity": "sha512-VRdvxX3tmrXuT/Ovt59NMp/ORMFi4bceFMDjos1PV4E0mV+5votuID8R60egR9A4U8nLt238R/snlJGz3UYiTQ=="
    },
    "mvp.css": {
      "version": "1.7.4",
      "resolved": "https://registry.npmjs.org/mvp.css/-/mvp.css-1.7.4.tgz",
      "integrity": "sha512-pfpxSAt938pzXZu1zYDXM7nlUAjbx+zohKSuY7m+qy7077Wt0U49UZ86rgoTAKBU15+/j7Y1Pgplc7FWd18HcQ=="
    },
    "ress": {
      "version": "4.0.0",
      "resolved": "https://registry.npmjs.org/ress/-/ress-4.0.0.tgz",
      "integrity": "sha512-awpQM9e6VL6ljw4XuH/ww2q4IEU0SAY9Lcvu4h4nIB5c5XhTUXH3Me8WA0zW3s3naU79lY8uVUJg30dvKJ5cNw=="
    },
    "spect": {
      "version": "23.0.2",
      "resolved": "https://registry.npmjs.org/spect/-/spect-23.0.2.tgz",
      "integrity": "sha512-2pVnwyk049JnBImwwTOEMG1VDZyW6/6J8H0axej6w3i5KT1AaB7Xxx33f3Cwi6WV7n60KbV2HkqLZpmJgKV6ZQ==",
      "requires": {
        "htm": "^3.0.4"
      }
    },
    "validate-target": {
      "version": "2.0.0",
      "resolved": "https://registry.npmjs.org/validate-target/-/validate-target-2.0.0.tgz",
      "integrity": "sha512-ELRDv4dNxEPrwavvk8OSNtyvUYZVqKIo9c3deHBxf8YhnNJMN9qtZJkW1sRCqI7gMElHWjy/AaIyJq/DdsKN2Q=="
    },
    "vlitejs": {
      "version": "4.0.1",
      "resolved": "https://registry.npmjs.org/vlitejs/-/vlitejs-4.0.1.tgz",
      "integrity": "sha512-TvCIKq5qzE9fqIhye2vugR7LFMK1wmgUVVUVPyIksFbot0uyKzeWAVvTr/bVjUzZB0WsI0g1QMJQ15K/5UC+sg==",
      "requires": {
        "validate-target": "^2.0.0"
      }
    },
    "water.css": {
      "version": "2.0.0",
      "resolved": "https://registry.npmjs.org/water.css/-/water.css-2.0.0.tgz",
      "integrity": "sha512-GoogHcpwiQEHktKjwIEyWIoZrvbxUb8KJDOGGZL8dvO+I8F9HYYLbEia5QrllJVd4CFfy5WWaYeXh8RYjh8JdQ=="
    }
  }
}
